// !$*UTF8*$!
{
	archiveVersion = 1;
	classes = {
	};
	objectVersion = 50;
	objects = {

/* Begin PBXBuildFile section */
		A2047E0E251DB9FC006D729F /* Figit WatchKit App.app in Embed Watch Content */ = {isa = PBXBuildFile; fileRef = A2047E0D251DB9FC006D729F /* Figit WatchKit App.app */; settings = {ATTRIBUTES = (RemoveHeadersOnCopy, ); }; };
		A2047E14251DB9FC006D729F /* Interface.storyboard in Resources */ = {isa = PBXBuildFile; fileRef = A2047E12251DB9FC006D729F /* Interface.storyboard */; };
		A2047E16251DB9FD006D729F /* Assets.xcassets in Resources */ = {isa = PBXBuildFile; fileRef = A2047E15251DB9FD006D729F /* Assets.xcassets */; };
		A2047E1D251DB9FD006D729F /* Figit WatchKit Extension.appex in Embed App Extensions */ = {isa = PBXBuildFile; fileRef = A2047E1C251DB9FD006D729F /* Figit WatchKit Extension.appex */; settings = {ATTRIBUTES = (RemoveHeadersOnCopy, ); }; };
		A2047E22251DB9FD006D729F /* InterfaceController.swift in Sources */ = {isa = PBXBuildFile; fileRef = A2047E21251DB9FD006D729F /* InterfaceController.swift */; };
		A2047E24251DB9FD006D729F /* ExtensionDelegate.swift in Sources */ = {isa = PBXBuildFile; fileRef = A2047E23251DB9FD006D729F /* ExtensionDelegate.swift */; };
		A2047E26251DB9FD006D729F /* NotificationController.swift in Sources */ = {isa = PBXBuildFile; fileRef = A2047E25251DB9FD006D729F /* NotificationController.swift */; };
		A2047E28251DB9FD006D729F /* ComplicationController.swift in Sources */ = {isa = PBXBuildFile; fileRef = A2047E27251DB9FD006D729F /* ComplicationController.swift */; };
		A2047E2A251DB9FE006D729F /* Assets.xcassets in Resources */ = {isa = PBXBuildFile; fileRef = A2047E29251DB9FE006D729F /* Assets.xcassets */; };
/* End PBXBuildFile section */

/* Begin PBXContainerItemProxy section */
		A2047E0F251DB9FC006D729F /* PBXContainerItemProxy */ = {
			isa = PBXContainerItemProxy;
			containerPortal = A2047E03251DB9FC006D729F /* Project object */;
			proxyType = 1;
			remoteGlobalIDString = A2047E0C251DB9FC006D729F;
			remoteInfo = "Figit WatchKit App";
		};
		A2047E1E251DB9FD006D729F /* PBXContainerItemProxy */ = {
			isa = PBXContainerItemProxy;
			containerPortal = A2047E03251DB9FC006D729F /* Project object */;
			proxyType = 1;
			remoteGlobalIDString = A2047E1B251DB9FD006D729F;
			remoteInfo = "Figit WatchKit Extension";
		};
/* End PBXContainerItemProxy section */

/* Begin PBXCopyFilesBuildPhase section */
		A2047E32251DB9FE006D729F /* Embed App Extensions */ = {
			isa = PBXCopyFilesBuildPhase;
			buildActionMask = 2147483647;
			dstPath = "";
			dstSubfolderSpec = 13;
			files = (
				A2047E1D251DB9FD006D729F /* Figit WatchKit Extension.appex in Embed App Extensions */,
			);
			name = "Embed App Extensions";
			runOnlyForDeploymentPostprocessing = 0;
		};
		A2047E36251DB9FE006D729F /* Embed Watch Content */ = {
			isa = PBXCopyFilesBuildPhase;
			buildActionMask = 2147483647;
			dstPath = "$(CONTENTS_FOLDER_PATH)/Watch";
			dstSubfolderSpec = 16;
			files = (
				A2047E0E251DB9FC006D729F /* Figit WatchKit App.app in Embed Watch Content */,
			);
			name = "Embed Watch Content";
			runOnlyForDeploymentPostprocessing = 0;
		};
/* End PBXCopyFilesBuildPhase section */

/* Begin PBXFileReference section */
		A2047E09251DB9FC006D729F /* Figit.app */ = {isa = PBXFileReference; explicitFileType = wrapper.application; includeInIndex = 0; path = Figit.app; sourceTree = BUILT_PRODUCTS_DIR; };
		A2047E0D251DB9FC006D729F /* Figit WatchKit App.app */ = {isa = PBXFileReference; explicitFileType = wrapper.application; includeInIndex = 0; path = "Figit WatchKit App.app"; sourceTree = BUILT_PRODUCTS_DIR; };
		A2047E13251DB9FC006D729F /* Base */ = {isa = PBXFileReference; lastKnownFileType = file.storyboard; name = Base; path = Base.lproj/Interface.storyboard; sourceTree = "<group>"; };
		A2047E15251DB9FD006D729F /* Assets.xcassets */ = {isa = PBXFileReference; lastKnownFileType = folder.assetcatalog; path = Assets.xcassets; sourceTree = "<group>"; };
		A2047E17251DB9FD006D729F /* Info.plist */ = {isa = PBXFileReference; lastKnownFileType = text.plist.xml; path = Info.plist; sourceTree = "<group>"; };
		A2047E1C251DB9FD006D729F /* Figit WatchKit Extension.appex */ = {isa = PBXFileReference; explicitFileType = "wrapper.app-extension"; includeInIndex = 0; path = "Figit WatchKit Extension.appex"; sourceTree = BUILT_PRODUCTS_DIR; };
		A2047E21251DB9FD006D729F /* InterfaceController.swift */ = {isa = PBXFileReference; lastKnownFileType = sourcecode.swift; path = InterfaceController.swift; sourceTree = "<group>"; };
		A2047E23251DB9FD006D729F /* ExtensionDelegate.swift */ = {isa = PBXFileReference; lastKnownFileType = sourcecode.swift; path = ExtensionDelegate.swift; sourceTree = "<group>"; };
		A2047E25251DB9FD006D729F /* NotificationController.swift */ = {isa = PBXFileReference; lastKnownFileType = sourcecode.swift; path = NotificationController.swift; sourceTree = "<group>"; };
		A2047E27251DB9FD006D729F /* ComplicationController.swift */ = {isa = PBXFileReference; lastKnownFileType = sourcecode.swift; path = ComplicationController.swift; sourceTree = "<group>"; };
		A2047E29251DB9FE006D729F /* Assets.xcassets */ = {isa = PBXFileReference; lastKnownFileType = folder.assetcatalog; path = Assets.xcassets; sourceTree = "<group>"; };
		A2047E2B251DB9FE006D729F /* Info.plist */ = {isa = PBXFileReference; lastKnownFileType = text.plist.xml; path = Info.plist; sourceTree = "<group>"; };
		A2047E2C251DB9FE006D729F /* PushNotificationPayload.apns */ = {isa = PBXFileReference; lastKnownFileType = text; path = PushNotificationPayload.apns; sourceTree = "<group>"; };
/* End PBXFileReference section */

/* Begin PBXFrameworksBuildPhase section */
		A2047E19251DB9FD006D729F /* Frameworks */ = {
			isa = PBXFrameworksBuildPhase;
			buildActionMask = 2147483647;
			files = (
			);
			runOnlyForDeploymentPostprocessing = 0;
		};
/* End PBXFrameworksBuildPhase section */

/* Begin PBXGroup section */
		A2047E02251DB9FC006D729F = {
			isa = PBXGroup;
			children = (
				A2047E11251DB9FC006D729F /* Figit WatchKit App */,
				A2047E20251DB9FD006D729F /* Figit WatchKit Extension */,
				A2047E0A251DB9FC006D729F /* Products */,
			);
			sourceTree = "<group>";
		};
		A2047E0A251DB9FC006D729F /* Products */ = {
			isa = PBXGroup;
			children = (
				A2047E09251DB9FC006D729F /* Figit.app */,
				A2047E0D251DB9FC006D729F /* Figit WatchKit App.app */,
				A2047E1C251DB9FD006D729F /* Figit WatchKit Extension.appex */,
			);
			name = Products;
			sourceTree = "<group>";
		};
		A2047E11251DB9FC006D729F /* Figit WatchKit App */ = {
			isa = PBXGroup;
			children = (
				A2047E12251DB9FC006D729F /* Interface.storyboard */,
				A2047E15251DB9FD006D729F /* Assets.xcassets */,
				A2047E17251DB9FD006D729F /* Info.plist */,
			);
			path = "Figit WatchKit App";
			sourceTree = "<group>";
		};
		A2047E20251DB9FD006D729F /* Figit WatchKit Extension */ = {
			isa = PBXGroup;
			children = (
				A2047E21251DB9FD006D729F /* InterfaceController.swift */,
				A2047E23251DB9FD006D729F /* ExtensionDelegate.swift */,
				A2047E25251DB9FD006D729F /* NotificationController.swift */,
				A2047E27251DB9FD006D729F /* ComplicationController.swift */,
				A2047E29251DB9FE006D729F /* Assets.xcassets */,
				A2047E2B251DB9FE006D729F /* Info.plist */,
				A2047E2C251DB9FE006D729F /* PushNotificationPayload.apns */,
			);
			path = "Figit WatchKit Extension";
			sourceTree = "<group>";
		};
/* End PBXGroup section */

/* Begin PBXNativeTarget section */
		A2047E08251DB9FC006D729F /* Figit */ = {
			isa = PBXNativeTarget;
			buildConfigurationList = A2047E37251DB9FE006D729F /* Build configuration list for PBXNativeTarget "Figit" */;
			buildPhases = (
				A2047E07251DB9FC006D729F /* Resources */,
				A2047E36251DB9FE006D729F /* Embed Watch Content */,
			);
			buildRules = (
			);
			dependencies = (
				A2047E10251DB9FC006D729F /* PBXTargetDependency */,
			);
			name = Figit;
			productName = Figit;
			productReference = A2047E09251DB9FC006D729F /* Figit.app */;
			productType = "com.apple.product-type.application.watchapp2-container";
		};
		A2047E0C251DB9FC006D729F /* Figit WatchKit App */ = {
			isa = PBXNativeTarget;
			buildConfigurationList = A2047E33251DB9FE006D729F /* Build configuration list for PBXNativeTarget "Figit WatchKit App" */;
			buildPhases = (
				A2047E0B251DB9FC006D729F /* Resources */,
				A2047E32251DB9FE006D729F /* Embed App Extensions */,
			);
			buildRules = (
			);
			dependencies = (
				A2047E1F251DB9FD006D729F /* PBXTargetDependency */,
			);
			name = "Figit WatchKit App";
			productName = "Figit WatchKit App";
			productReference = A2047E0D251DB9FC006D729F /* Figit WatchKit App.app */;
			productType = "com.apple.product-type.application.watchapp2";
		};
		A2047E1B251DB9FD006D729F /* Figit WatchKit Extension */ = {
			isa = PBXNativeTarget;
			buildConfigurationList = A2047E2F251DB9FE006D729F /* Build configuration list for PBXNativeTarget "Figit WatchKit Extension" */;
			buildPhases = (
				A2047E18251DB9FD006D729F /* Sources */,
				A2047E19251DB9FD006D729F /* Frameworks */,
				A2047E1A251DB9FD006D729F /* Resources */,
			);
			buildRules = (
			);
			dependencies = (
			);
			name = "Figit WatchKit Extension";
			productName = "Figit WatchKit Extension";
			productReference = A2047E1C251DB9FD006D729F /* Figit WatchKit Extension.appex */;
			productType = "com.apple.product-type.watchkit2-extension";
		};
/* End PBXNativeTarget section */

/* Begin PBXProject section */
		A2047E03251DB9FC006D729F /* Project object */ = {
			isa = PBXProject;
			attributes = {
				LastSwiftUpdateCheck = 1200;
				LastUpgradeCheck = 1200;
				TargetAttributes = {
					A2047E08251DB9FC006D729F = {
						CreatedOnToolsVersion = 12.0.1;
					};
					A2047E0C251DB9FC006D729F = {
						CreatedOnToolsVersion = 12.0.1;
					};
					A2047E1B251DB9FD006D729F = {
						CreatedOnToolsVersion = 12.0.1;
					};
				};
			};
			buildConfigurationList = A2047E06251DB9FC006D729F /* Build configuration list for PBXProject "Figit" */;
			compatibilityVersion = "Xcode 9.3";
			developmentRegion = en;
			hasScannedForEncodings = 0;
			knownRegions = (
				en,
				Base,
			);
			mainGroup = A2047E02251DB9FC006D729F;
			productRefGroup = A2047E0A251DB9FC006D729F /* Products */;
			projectDirPath = "";
			projectRoot = "";
			targets = (
				A2047E08251DB9FC006D729F /* Figit */,
				A2047E0C251DB9FC006D729F /* Figit WatchKit App */,
				A2047E1B251DB9FD006D729F /* Figit WatchKit Extension */,
			);
		};
/* End PBXProject section */

/* Begin PBXResourcesBuildPhase section */
		A2047E07251DB9FC006D729F /* Resources */ = {
			isa = PBXResourcesBuildPhase;
			buildActionMask = 2147483647;
			files = (
			);
			runOnlyForDeploymentPostprocessing = 0;
		};
		A2047E0B251DB9FC006D729F /* Resources */ = {
			isa = PBXResourcesBuildPhase;
			buildActionMask = 2147483647;
			files = (
				A2047E16251DB9FD006D729F /* Assets.xcassets in Resources */,
				A2047E14251DB9FC006D729F /* Interface.storyboard in Resources */,
			);
			runOnlyForDeploymentPostprocessing = 0;
		};
		A2047E1A251DB9FD006D729F /* Resources */ = {
			isa = PBXResourcesBuildPhase;
			buildActionMask = 2147483647;
			files = (
				A2047E2A251DB9FE006D729F /* Assets.xcassets in Resources */,
			);
			runOnlyForDeploymentPostprocessing = 0;
		};
/* End PBXResourcesBuildPhase section */

/* Begin PBXSourcesBuildPhase section */
		A2047E18251DB9FD006D729F /* Sources */ = {
			isa = PBXSourcesBuildPhase;
			buildActionMask = 2147483647;
			files = (
				A2047E26251DB9FD006D729F /* NotificationController.swift in Sources */,
				A2047E28251DB9FD006D729F /* ComplicationController.swift in Sources */,
				A2047E24251DB9FD006D729F /* ExtensionDelegate.swift in Sources */,
				A2047E22251DB9FD006D729F /* InterfaceController.swift in Sources */,
			);
			runOnlyForDeploymentPostprocessing = 0;
		};
/* End PBXSourcesBuildPhase section */

/* Begin PBXTargetDependency section */
		A2047E10251DB9FC006D729F /* PBXTargetDependency */ = {
			isa = PBXTargetDependency;
			target = A2047E0C251DB9FC006D729F /* Figit WatchKit App */;
			targetProxy = A2047E0F251DB9FC006D729F /* PBXContainerItemProxy */;
		};
		A2047E1F251DB9FD006D729F /* PBXTargetDependency */ = {
			isa = PBXTargetDependency;
			target = A2047E1B251DB9FD006D729F /* Figit WatchKit Extension */;
			targetProxy = A2047E1E251DB9FD006D729F /* PBXContainerItemProxy */;
		};
/* End PBXTargetDependency section */

/* Begin PBXVariantGroup section */
		A2047E12251DB9FC006D729F /* Interface.storyboard */ = {
			isa = PBXVariantGroup;
			children = (
				A2047E13251DB9FC006D729F /* Base */,
			);
			name = Interface.storyboard;
			sourceTree = "<group>";
		};
/* End PBXVariantGroup section */

/* Begin XCBuildConfiguration section */
		A2047E2D251DB9FE006D729F /* Debug */ = {
			isa = XCBuildConfiguration;
			buildSettings = {
				ALWAYS_SEARCH_USER_PATHS = NO;
				CLANG_ANALYZER_NONNULL = YES;
				CLANG_ANALYZER_NUMBER_OBJECT_CONVERSION = YES_AGGRESSIVE;
				CLANG_CXX_LANGUAGE_STANDARD = "gnu++14";
				CLANG_CXX_LIBRARY = "libc++";
				CLANG_ENABLE_MODULES = YES;
				CLANG_ENABLE_OBJC_ARC = YES;
				CLANG_ENABLE_OBJC_WEAK = YES;
				CLANG_WARN_BLOCK_CAPTURE_AUTORELEASING = YES;
				CLANG_WARN_BOOL_CONVERSION = YES;
				CLANG_WARN_COMMA = YES;
				CLANG_WARN_CONSTANT_CONVERSION = YES;
				CLANG_WARN_DEPRECATED_OBJC_IMPLEMENTATIONS = YES;
				CLANG_WARN_DIRECT_OBJC_ISA_USAGE = YES_ERROR;
				CLANG_WARN_DOCUMENTATION_COMMENTS = YES;
				CLANG_WARN_EMPTY_BODY = YES;
				CLANG_WARN_ENUM_CONVERSION = YES;
				CLANG_WARN_INFINITE_RECURSION = YES;
				CLANG_WARN_INT_CONVERSION = YES;
				CLANG_WARN_NON_LITERAL_NULL_CONVERSION = YES;
				CLANG_WARN_OBJC_IMPLICIT_RETAIN_SELF = YES;
				CLANG_WARN_OBJC_LITERAL_CONVERSION = YES;
				CLANG_WARN_OBJC_ROOT_CLASS = YES_ERROR;
				CLANG_WARN_QUOTED_INCLUDE_IN_FRAMEWORK_HEADER = YES;
				CLANG_WARN_RANGE_LOOP_ANALYSIS = YES;
				CLANG_WARN_STRICT_PROTOTYPES = YES;
				CLANG_WARN_SUSPICIOUS_MOVE = YES;
				CLANG_WARN_UNGUARDED_AVAILABILITY = YES_AGGRESSIVE;
				CLANG_WARN_UNREACHABLE_CODE = YES;
				CLANG_WARN__DUPLICATE_METHOD_MATCH = YES;
				COPY_PHASE_STRIP = NO;
				DEBUG_INFORMATION_FORMAT = dwarf;
				ENABLE_STRICT_OBJC_MSGSEND = YES;
				ENABLE_TESTABILITY = YES;
				GCC_C_LANGUAGE_STANDARD = gnu11;
				GCC_DYNAMIC_NO_PIC = NO;
				GCC_NO_COMMON_BLOCKS = YES;
				GCC_OPTIMIZATION_LEVEL = 0;
				GCC_PREPROCESSOR_DEFINITIONS = (
					"DEBUG=1",
					"$(inherited)",
				);
				GCC_WARN_64_TO_32_BIT_CONVERSION = YES;
				GCC_WARN_ABOUT_RETURN_TYPE = YES_ERROR;
				GCC_WARN_UNDECLARED_SELECTOR = YES;
				GCC_WARN_UNINITIALIZED_AUTOS = YES_AGGRESSIVE;
				GCC_WARN_UNUSED_FUNCTION = YES;
				GCC_WARN_UNUSED_VARIABLE = YES;
				MTL_ENABLE_DEBUG_INFO = INCLUDE_SOURCE;
				MTL_FAST_MATH = YES;
				ONLY_ACTIVE_ARCH = YES;
				SDKROOT = iphoneos;
				SWIFT_ACTIVE_COMPILATION_CONDITIONS = DEBUG;
				SWIFT_OPTIMIZATION_LEVEL = "-Onone";
			};
			name = Debug;
		};
		A2047E2E251DB9FE006D729F /* Release */ = {
			isa = XCBuildConfiguration;
			buildSettings = {
				ALWAYS_SEARCH_USER_PATHS = NO;
				CLANG_ANALYZER_NONNULL = YES;
				CLANG_ANALYZER_NUMBER_OBJECT_CONVERSION = YES_AGGRESSIVE;
				CLANG_CXX_LANGUAGE_STANDARD = "gnu++14";
				CLANG_CXX_LIBRARY = "libc++";
				CLANG_ENABLE_MODULES = YES;
				CLANG_ENABLE_OBJC_ARC = YES;
				CLANG_ENABLE_OBJC_WEAK = YES;
				CLANG_WARN_BLOCK_CAPTURE_AUTORELEASING = YES;
				CLANG_WARN_BOOL_CONVERSION = YES;
				CLANG_WARN_COMMA = YES;
				CLANG_WARN_CONSTANT_CONVERSION = YES;
				CLANG_WARN_DEPRECATED_OBJC_IMPLEMENTATIONS = YES;
				CLANG_WARN_DIRECT_OBJC_ISA_USAGE = YES_ERROR;
				CLANG_WARN_DOCUMENTATION_COMMENTS = YES;
				CLANG_WARN_EMPTY_BODY = YES;
				CLANG_WARN_ENUM_CONVERSION = YES;
				CLANG_WARN_INFINITE_RECURSION = YES;
				CLANG_WARN_INT_CONVERSION = YES;
				CLANG_WARN_NON_LITERAL_NULL_CONVERSION = YES;
				CLANG_WARN_OBJC_IMPLICIT_RETAIN_SELF = YES;
				CLANG_WARN_OBJC_LITERAL_CONVERSION = YES;
				CLANG_WARN_OBJC_ROOT_CLASS = YES_ERROR;
				CLANG_WARN_QUOTED_INCLUDE_IN_FRAMEWORK_HEADER = YES;
				CLANG_WARN_RANGE_LOOP_ANALYSIS = YES;
				CLANG_WARN_STRICT_PROTOTYPES = YES;
				CLANG_WARN_SUSPICIOUS_MOVE = YES;
				CLANG_WARN_UNGUARDED_AVAILABILITY = YES_AGGRESSIVE;
				CLANG_WARN_UNREACHABLE_CODE = YES;
				CLANG_WARN__DUPLICATE_METHOD_MATCH = YES;
				COPY_PHASE_STRIP = NO;
				DEBUG_INFORMATION_FORMAT = "dwarf-with-dsym";
				ENABLE_NS_ASSERTIONS = NO;
				ENABLE_STRICT_OBJC_MSGSEND = YES;
				GCC_C_LANGUAGE_STANDARD = gnu11;
				GCC_NO_COMMON_BLOCKS = YES;
				GCC_WARN_64_TO_32_BIT_CONVERSION = YES;
				GCC_WARN_ABOUT_RETURN_TYPE = YES_ERROR;
				GCC_WARN_UNDECLARED_SELECTOR = YES;
				GCC_WARN_UNINITIALIZED_AUTOS = YES_AGGRESSIVE;
				GCC_WARN_UNUSED_FUNCTION = YES;
				GCC_WARN_UNUSED_VARIABLE = YES;
				MTL_ENABLE_DEBUG_INFO = NO;
				MTL_FAST_MATH = YES;
				SDKROOT = iphoneos;
				SWIFT_COMPILATION_MODE = wholemodule;
				SWIFT_OPTIMIZATION_LEVEL = "-O";
				VALIDATE_PRODUCT = YES;
			};
			name = Release;
		};
		A2047E30251DB9FE006D729F /* Debug */ = {
			isa = XCBuildConfiguration;
			buildSettings = {
				ASSETCATALOG_COMPILER_COMPLICATION_NAME = Complication;
				CODE_SIGN_STYLE = Automatic;
				DEVELOPMENT_TEAM = K8G945R43L;
				INFOPLIST_FILE = "Figit WatchKit Extension/Info.plist";
				LD_RUNPATH_SEARCH_PATHS = (
					"$(inherited)",
					"@executable_path/Frameworks",
					"@executable_path/../../Frameworks",
				);
				PRODUCT_BUNDLE_IDENTIFIER = com.endergottipati.Figit.watchkitapp.watchkitextension;
				PRODUCT_NAME = "${TARGET_NAME}";
				SDKROOT = watchos;
				SKIP_INSTALL = YES;
				SWIFT_VERSION = 5.0;
				TARGETED_DEVICE_FAMILY = 4;
				WATCHOS_DEPLOYMENT_TARGET = 7.0;
			};
			name = Debug;
		};
		A2047E31251DB9FE006D729F /* Release */ = {
			isa = XCBuildConfiguration;
			buildSettings = {
				ASSETCATALOG_COMPILER_COMPLICATION_NAME = Complication;
				CODE_SIGN_STYLE = Automatic;
				DEVELOPMENT_TEAM = K8G945R43L;
				INFOPLIST_FILE = "Figit WatchKit Extension/Info.plist";
				LD_RUNPATH_SEARCH_PATHS = (
					"$(inherited)",
					"@executable_path/Frameworks",
					"@executable_path/../../Frameworks",
				);
				PRODUCT_BUNDLE_IDENTIFIER = com.endergottipati.Figit.watchkitapp.watchkitextension;
				PRODUCT_NAME = "${TARGET_NAME}";
				SDKROOT = watchos;
				SKIP_INSTALL = YES;
				SWIFT_VERSION = 5.0;
				TARGETED_DEVICE_FAMILY = 4;
				WATCHOS_DEPLOYMENT_TARGET = 7.0;
			};
			name = Release;
		};
		A2047E34251DB9FE006D729F /* Debug */ = {
			isa = XCBuildConfiguration;
			buildSettings = {
				ALWAYS_EMBED_SWIFT_STANDARD_LIBRARIES = YES;
				ASSETCATALOG_COMPILER_APPICON_NAME = AppIcon;
				ASSETCATALOG_COMPILER_GLOBAL_ACCENT_COLOR_NAME = AccentColor;
				CODE_SIGN_STYLE = Automatic;
				DEVELOPMENT_TEAM = K8G945R43L;
				IBSC_MODULE = Figit_WatchKit_Extension;
				INFOPLIST_FILE = "Figit WatchKit App/Info.plist";
				PRODUCT_BUNDLE_IDENTIFIER = com.endergottipati.Figit.watchkitapp;
				PRODUCT_NAME = "$(TARGET_NAME)";
				SDKROOT = watchos;
				SKIP_INSTALL = YES;
				SWIFT_VERSION = 5.0;
				TARGETED_DEVICE_FAMILY = 4;
				WATCHOS_DEPLOYMENT_TARGET = 7.0;
			};
			name = Debug;
		};
		A2047E35251DB9FE006D729F /* Release */ = {
			isa = XCBuildConfiguration;
			buildSettings = {
				ALWAYS_EMBED_SWIFT_STANDARD_LIBRARIES = YES;
				ASSETCATALOG_COMPILER_APPICON_NAME = AppIcon;
				ASSETCATALOG_COMPILER_GLOBAL_ACCENT_COLOR_NAME = AccentColor;
				CODE_SIGN_STYLE = Automatic;
				DEVELOPMENT_TEAM = K8G945R43L;
				IBSC_MODULE = Figit_WatchKit_Extension;
				INFOPLIST_FILE = "Figit WatchKit App/Info.plist";
				PRODUCT_BUNDLE_IDENTIFIER = com.endergottipati.Figit.watchkitapp;
				PRODUCT_NAME = "$(TARGET_NAME)";
				SDKROOT = watchos;
				SKIP_INSTALL = YES;
				SWIFT_VERSION = 5.0;
				TARGETED_DEVICE_FAMILY = 4;
				WATCHOS_DEPLOYMENT_TARGET = 7.0;
			};
			name = Release;
		};
		A2047E38251DB9FE006D729F /* Debug */ = {
			isa = XCBuildConfiguration;
			buildSettings = {
				CODE_SIGN_STYLE = Automatic;
				CURRENT_PROJECT_VERSION = 1;
				DEVELOPMENT_TEAM = K8G945R43L;
				MARKETING_VERSION = 1.0;
				PRODUCT_BUNDLE_IDENTIFIER = com.endergottipati.Figit;
				PRODUCT_NAME = "$(TARGET_NAME)";
				SWIFT_VERSION = 5.0;
			};
			name = Debug;
		};
		A2047E39251DB9FE006D729F /* Release */ = {
			isa = XCBuildConfiguration;
			buildSettings = {
				CODE_SIGN_STYLE = Automatic;
				CURRENT_PROJECT_VERSION = 1;
				DEVELOPMENT_TEAM = K8G945R43L;
				MARKETING_VERSION = 1.0;
				PRODUCT_BUNDLE_IDENTIFIER = com.endergottipati.Figit;
				PRODUCT_NAME = "$(TARGET_NAME)";
				SWIFT_VERSION = 5.0;
			};
			name = Release;
		};
/* End XCBuildConfiguration section */

/* Begin XCConfigurationList section */
		A2047E06251DB9FC006D729F /* Build configuration list for PBXProject "Figit" */ = {
			isa = XCConfigurationList;
			buildConfigurations = (
				A2047E2D251DB9FE006D729F /* Debug */,
				A2047E2E251DB9FE006D729F /* Release */,
			);
			defaultConfigurationIsVisible = 0;
			defaultConfigurationName = Release;
		};
		A2047E2F251DB9FE006D729F /* Build configuration list for PBXNativeTarget "Figit WatchKit Extension" */ = {
			isa = XCConfigurationList;
			buildConfigurations = (
				A2047E30251DB9FE006D729F /* Debug */,
				A2047E31251DB9FE006D729F /* Release */,
			);
			defaultConfigurationIsVisible = 0;
			defaultConfigurationName = Release;
		};
		A2047E33251DB9FE006D729F /* Build configuration list for PBXNativeTarget "Figit WatchKit App" */ = {
			isa = XCConfigurationList;
			buildConfigurations = (
				A2047E34251DB9FE006D729F /* Debug */,
				A2047E35251DB9FE006D729F /* Release */,
			);
			defaultConfigurationIsVisible = 0;
			defaultConfigurationName = Release;
		};
		A2047E37251DB9FE006D729F /* Build configuration list for PBXNativeTarget "Figit" */ = {
			isa = XCConfigurationList;
			buildConfigurations = (
				A2047E38251DB9FE006D729F /* Debug */,
				A2047E39251DB9FE006D729F /* Release */,
			);
			defaultConfigurationIsVisible = 0;
			defaultConfigurationName = Release;
		};
/* End XCConfigurationList section */
	};
	rootObject = A2047E03251DB9FC006D729F /* Project object */;
}
